
Microsoft Visual Studio Solution File, Format Version 12.00
# Visual Studio Version 16
VisualStudioVersion = 16.0.30804.86
MinimumVisualStudioVersion = 10.0.40219.1
Project("{FAE04EC0-301F-11D3-BF4B-00C04F79EFBC}") = "TransientScopedSingleton", "TransientScopedSingleton.csproj", "{2A1E62BC-CA8F-4F50-BB83-80A7AF709B0C}"
EndProject
Global
	GlobalSection(SolutionConfigurationPlatforms) = preSolution
		Debug|Any CPU = Debug|Any CPU
		Release|Any CPU = Release|Any CPU
	EndGlobalSection
	GlobalSection(ProjectConfigurationPlatforms) = postSolution
		{2A1E62BC-CA8F-4F50-BB83-80A7AF709B0C}.Debug|Any CPU.ActiveCfg = Debug|Any CPU
		{2A1E62BC-CA8F-4F50-BB83-80A7AF709B0C}.Debug|Any CPU.Build.0 = Debug|Any CPU
		{2A1E62BC-CA8F-4F50-BB83-80A7AF709B0C}.Release|Any CPU.ActiveCfg = Release|Any CPU
		{2A1E62BC-CA8F-4F50-BB83-80A7AF709B0C}.Release|Any CPU.Build.0 = Release|Any CPU
	EndGlobalSection
	GlobalSection(SolutionProperties) = preSolution
		HideSolutionNode = FALSE
	EndGlobalSection
	GlobalSection(ExtensibilityGlobals) = postSolution
		SolutionGuid = {47C812B3-B169-427E-8AC3-8E046ED65429}
	EndGlobalSection
EndGlobal
